// !$*UTF8*$!
{
	archiveVersion = 1;
	classes = {
	};
	objectVersion = 77;
	objects = {

/* Begin PBXContainerItemProxy section */
		33EC8D062DF640A9003FA6C0 /* PBXContainerItemProxy */ = {
			isa = PBXContainerItemProxy;
			containerPortal = 33EC8CEF2DF640A7003FA6C0 /* Project object */;
			proxyType = 1;
			remoteGlobalIDString = 33EC8CF62DF640A7003FA6C0;
			remoteInfo = "Learn Your Numbers!";
		};
		33EC8D102DF640A9003FA6C0 /* PBXContainerItemProxy */ = {
			isa = PBXContainerItemProxy;
			containerPortal = 33EC8CEF2DF640A7003FA6C0 /* Project object */;
			proxyType = 1;
			remoteGlobalIDString = 33EC8CF62DF640A7003FA6C0;
			remoteInfo = "Learn Your Numbers!";
		};
/* End PBXContainerItemProxy section */

/* Begin PBXFileReference section */
		33EC8CF72DF640A7003FA6C0 /* Learn Your Numbers!.app */ = {isa = PBXFileReference; explicitFileType = wrapper.application; includeInIndex = 0; path = "Learn Your Numbers!.app"; sourceTree = BUILT_PRODUCTS_DIR; };
		33EC8D052DF640A9003FA6C0 /* Learn Your Numbers!Tests.xctest */ = {isa = PBXFileReference; explicitFileType = wrapper.cfbundle; includeInIndex = 0; path = "Learn Your Numbers!Tests.xctest"; sourceTree = BUILT_PRODUCTS_DIR; };
		33EC8D0F2DF640A9003FA6C0 /* Learn Your Numbers!UITests.xctest */ = {isa = PBXFileReference; explicitFileType = wrapper.cfbundle; includeInIndex = 0; path = "Learn Your Numbers!UITests.xctest"; sourceTree = BUILT_PRODUCTS_DIR; };
/* End PBXFileReference section */

/* Begin PBXFileSystemSynchronizedRootGroup section */
		33EC8CF92DF640A7003FA6C0 /* Learn Your Numbers! */ = {
			isa = PBXFileSystemSynchronizedRootGroup;
			path = "Learn Your Numbers!";
			sourceTree = "<group>";
		};
		33EC8D082DF640A9003FA6C0 /* Learn Your Numbers!Tests */ = {
			isa = PBXFileSystemSynchronizedRootGroup;
			path = "Learn Your Numbers!Tests";
			sourceTree = "<group>";
		};
		33EC8D122DF640A9003FA6C0 /* Learn Your Numbers!UITests */ = {
			isa = PBXFileSystemSynchronizedRootGroup;
			path = "Learn Your Numbers!UITests";
			sourceTree = "<group>";
		};
/* End PBXFileSystemSynchronizedRootGroup section */

/* Begin PBXFrameworksBuildPhase section */
		33EC8CF42DF640A7003FA6C0 /* Frameworks */ = {
			isa = PBXFrameworksBuildPhase;
			buildActionMask = 2147483647;
			files = (
			);
			runOnlyForDeploymentPostprocessing = 0;
		};
		33EC8D022DF640A9003FA6C0 /* Frameworks */ = {
			isa = PBXFrameworksBuildPhase;
			buildActionMask = 2147483647;
			files = (
			);
			runOnlyForDeploymentPostprocessing = 0;
		};
		33EC8D0C2DF640A9003FA6C0 /* Frameworks */ = {
			isa = PBXFrameworksBuildPhase;
			buildActionMask = 2147483647;
			files = (
			);
			runOnlyForDeploymentPostprocessing = 0;
		};
/* End PBXFrameworksBuildPhase section */

/* Begin PBXGroup section */
		33EC8CEE2DF640A7003FA6C0 = {
			isa = PBXGroup;
			children = (
				33EC8CF92DF640A7003FA6C0 /* Learn Your Numbers! */,
				33EC8D082DF640A9003FA6C0 /* Learn Your Numbers!Tests */,
				33EC8D122DF640A9003FA6C0 /* Learn Your Numbers!UITests */,
				33EC8CF82DF640A7003FA6C0 /* Products */,
			);
			sourceTree = "<group>";
		};
		33EC8CF82DF640A7003FA6C0 /* Products */ = {
			isa = PBXGroup;
			children = (
				33EC8CF72DF640A7003FA6C0 /* Learn Your Numbers!.app */,
				33EC8D052DF640A9003FA6C0 /* Learn Your Numbers!Tests.xctest */,
				33EC8D0F2DF640A9003FA6C0 /* Learn Your Numbers!UITests.xctest */,
			);
			name = Products;
			sourceTree = "<group>";
		};
/* End PBXGroup section */

/* Begin PBXNativeTarget section */
		33EC8CF62DF640A7003FA6C0 /* Learn Your Numbers! */ = {
			isa = PBXNativeTarget;
			buildConfigurationList = 33EC8D192DF640A9003FA6C0 /* Build configuration list for PBXNativeTarget "Learn Your Numbers!" */;
			buildPhases = (
				33EC8CF32DF640A7003FA6C0 /* Sources */,
				33EC8CF42DF640A7003FA6C0 /* Frameworks */,
				33EC8CF52DF640A7003FA6C0 /* Resources */,
			);
			buildRules = (
			);
			dependencies = (
			);
			fileSystemSynchronizedGroups = (
				33EC8CF92DF640A7003FA6C0 /* Learn Your Numbers! */,
			);
			name = "Learn Your Numbers!";
			packageProductDependencies = (
			);
			productName = "Learn Your Numbers!";
			productReference = 33EC8CF72DF640A7003FA6C0 /* Learn Your Numbers!.app */;
			productType = "com.apple.product-type.application";
		};
		33EC8D042DF640A9003FA6C0 /* Learn Your Numbers!Tests */ = {
			isa = PBXNativeTarget;
			buildConfigurationList = 33EC8D1C2DF640A9003FA6C0 /* Build configuration list for PBXNativeTarget "Learn Your Numbers!Tests" */;
			buildPhases = (
				33EC8D012DF640A9003FA6C0 /* Sources */,
				33EC8D022DF640A9003FA6C0 /* Frameworks */,
				33EC8D032DF640A9003FA6C0 /* Resources */,
			);
			buildRules = (
			);
			dependencies = (
				33EC8D072DF640A9003FA6C0 /* PBXTargetDependency */,
			);
			fileSystemSynchronizedGroups = (
				33EC8D082DF640A9003FA6C0 /* Learn Your Numbers!Tests */,
			);
			name = "Learn Your Numbers!Tests";
			packageProductDependencies = (
			);
			productName = "Learn Your Numbers!Tests";
			productReference = 33EC8D052DF640A9003FA6C0 /* Learn Your Numbers!Tests.xctest */;
			productType = "com.apple.product-type.bundle.unit-test";
		};
		33EC8D0E2DF640A9003FA6C0 /* Learn Your Numbers!UITests */ = {
			isa = PBXNativeTarget;
			buildConfigurationList = 33EC8D1F2DF640A9003FA6C0 /* Build configuration list for PBXNativeTarget "Learn Your Numbers!UITests" */;
			buildPhases = (
				33EC8D0B2DF640A9003FA6C0 /* Sources */,
				33EC8D0C2DF640A9003FA6C0 /* Frameworks */,
				33EC8D0D2DF640A9003FA6C0 /* Resources */,
			);
			buildRules = (
			);
			dependencies = (
				33EC8D112DF640A9003FA6C0 /* PBXTargetDependency */,
			);
			fileSystemSynchronizedGroups = (
				33EC8D122DF640A9003FA6C0 /* Learn Your Numbers!UITests */,
			);
			name = "Learn Your Numbers!UITests";
			packageProductDependencies = (
			);
			productName = "Learn Your Numbers!UITests";
			productReference = 33EC8D0F2DF640A9003FA6C0 /* Learn Your Numbers!UITests.xctest */;
			productType = "com.apple.product-type.bundle.ui-testing";
		};
/* End PBXNativeTarget section */

/* Begin PBXProject section */
		33EC8CEF2DF640A7003FA6C0 /* Project object */ = {
			isa = PBXProject;
			attributes = {
				BuildIndependentTargetsInParallel = 1;
				LastSwiftUpdateCheck = 1640;
				LastUpgradeCheck = 1640;
				TargetAttributes = {
					33EC8CF62DF640A7003FA6C0 = {
						CreatedOnToolsVersion = 16.4;
					};
					33EC8D042DF640A9003FA6C0 = {
						CreatedOnToolsVersion = 16.4;
						TestTargetID = 33EC8CF62DF640A7003FA6C0;
					};
					33EC8D0E2DF640A9003FA6C0 = {
						CreatedOnToolsVersion = 16.4;
						TestTargetID = 33EC8CF62DF640A7003FA6C0;
					};
				};
			};
			buildConfigurationList = 33EC8CF22DF640A7003FA6C0 /* Build configuration list for PBXProject "Learn Your Numbers!" */;
			developmentRegion = en;
			hasScannedForEncodings = 0;
			knownRegions = (
				en,
				Base,
			);
			mainGroup = 33EC8CEE2DF640A7003FA6C0;
			minimizedProjectReferenceProxies = 1;
			preferredProjectObjectVersion = 77;
			productRefGroup = 33EC8CF82DF640A7003FA6C0 /* Products */;
			projectDirPath = "";
			projectRoot = "";
			targets = (
				33EC8CF62DF640A7003FA6C0 /* Learn Your Numbers! */,
				33EC8D042DF640A9003FA6C0 /* Learn Your Numbers!Tests */,
				33EC8D0E2DF640A9003FA6C0 /* Learn Your Numbers!UITests */,
			);
		};
/* End PBXProject section */

/* Begin PBXResourcesBuildPhase section */
		33EC8CF52DF640A7003FA6C0 /* Resources */ = {
			isa = PBXResourcesBuildPhase;
			buildActionMask = 2147483647;
			files = (
			);
			runOnlyForDeploymentPostprocessing = 0;
		};
		33EC8D032DF640A9003FA6C0 /* Resources */ = {
			isa = PBXResourcesBuildPhase;
			buildActionMask = 2147483647;
			files = (
			);
			runOnlyForDeploymentPostprocessing = 0;
		};
		33EC8D0D2DF640A9003FA6C0 /* Resources */ = {
			isa = PBXResourcesBuildPhase;
			buildActionMask = 2147483647;
			files = (
			);
			runOnlyForDeploymentPostprocessing = 0;
		};
/* End PBXResourcesBuildPhase section */

/* Begin PBXSourcesBuildPhase section */
		33EC8CF32DF640A7003FA6C0 /* Sources */ = {
			isa = PBXSourcesBuildPhase;
			buildActionMask = 2147483647;
			files = (
			);
			runOnlyForDeploymentPostprocessing = 0;
		};
		33EC8D012DF640A9003FA6C0 /* Sources */ = {
			isa = PBXSourcesBuildPhase;
			buildActionMask = 2147483647;
			files = (
			);
			runOnlyForDeploymentPostprocessing = 0;
		};
		33EC8D0B2DF640A9003FA6C0 /* Sources */ = {
			isa = PBXSourcesBuildPhase;
			buildActionMask = 2147483647;
			files = (
			);
			runOnlyForDeploymentPostprocessing = 0;
		};
/* End PBXSourcesBuildPhase section */

/* Begin PBXTargetDependency section */
		33EC8D072DF640A9003FA6C0 /* PBXTargetDependency */ = {
			isa = PBXTargetDependency;
			target = 33EC8CF62DF640A7003FA6C0 /* Learn Your Numbers! */;
			targetProxy = 33EC8D062DF640A9003FA6C0 /* PBXContainerItemProxy */;
		};
		33EC8D112DF640A9003FA6C0 /* PBXTargetDependency */ = {
			isa = PBXTargetDependency;
			target = 33EC8CF62DF640A7003FA6C0 /* Learn Your Numbers! */;
			targetProxy = 33EC8D102DF640A9003FA6C0 /* PBXContainerItemProxy */;
		};
/* End PBXTargetDependency section */

/* Begin XCBuildConfiguration section */
		33EC8D172DF640A9003FA6C0 /* Debug */ = {
			isa = XCBuildConfiguration;
			buildSettings = {
				ALWAYS_SEARCH_USER_PATHS = NO;
				ASSETCATALOG_COMPILER_GENERATE_SWIFT_ASSET_SYMBOL_EXTENSIONS = YES;
				CLANG_ANALYZER_NONNULL = YES;
				CLANG_ANALYZER_NUMBER_OBJECT_CONVERSION = YES_AGGRESSIVE;
				CLANG_CXX_LANGUAGE_STANDARD = "gnu++20";
				CLANG_ENABLE_MODULES = YES;
				CLANG_ENABLE_OBJC_ARC = YES;
				CLANG_ENABLE_OBJC_WEAK = YES;
				CLANG_WARN_BLOCK_CAPTURE_AUTORELEASING = YES;
				CLANG_WARN_BOOL_CONVERSION = YES;
				CLANG_WARN_COMMA = YES;
				CLANG_WARN_CONSTANT_CONVERSION = YES;
				CLANG_WARN_DEPRECATED_OBJC_IMPLEMENTATIONS = YES;
				CLANG_WARN_DIRECT_OBJC_ISA_USAGE = YES_ERROR;
				CLANG_WARN_DOCUMENTATION_COMMENTS = YES;
				CLANG_WARN_EMPTY_BODY = YES;
				CLANG_WARN_ENUM_CONVERSION = YES;
				CLANG_WARN_INFINITE_RECURSION = YES;
				CLANG_WARN_INT_CONVERSION = YES;
				CLANG_WARN_NON_LITERAL_NULL_CONVERSION = YES;
				CLANG_WARN_OBJC_IMPLICIT_RETAIN_SELF = YES;
				CLANG_WARN_OBJC_LITERAL_CONVERSION = YES;
				CLANG_WARN_OBJC_ROOT_CLASS = YES_ERROR;
				CLANG_WARN_QUOTED_INCLUDE_IN_FRAMEWORK_HEADER = YES;
				CLANG_WARN_RANGE_LOOP_ANALYSIS = YES;
				CLANG_WARN_STRICT_PROTOTYPES = YES;
				CLANG_WARN_SUSPICIOUS_MOVE = YES;
				CLANG_WARN_UNGUARDED_AVAILABILITY = YES_AGGRESSIVE;
				CLANG_WARN_UNREACHABLE_CODE = YES;
				CLANG_WARN__DUPLICATE_METHOD_MATCH = YES;
				COPY_PHASE_STRIP = NO;
				DEBUG_INFORMATION_FORMAT = dwarf;
				DEVELOPMENT_TEAM = LS2X7HX9FU;
				ENABLE_STRICT_OBJC_MSGSEND = YES;
				ENABLE_TESTABILITY = YES;
				ENABLE_USER_SCRIPT_SANDBOXING = YES;
				GCC_C_LANGUAGE_STANDARD = gnu17;
				GCC_DYNAMIC_NO_PIC = NO;
				GCC_NO_COMMON_BLOCKS = YES;
				GCC_OPTIMIZATION_LEVEL = 0;
				GCC_PREPROCESSOR_DEFINITIONS = (
					"DEBUG=1",
					"$(inherited)",
				);
				GCC_WARN_64_TO_32_BIT_CONVERSION = YES;
				GCC_WARN_ABOUT_RETURN_TYPE = YES_ERROR;
				GCC_WARN_UNDECLARED_SELECTOR = YES;
				GCC_WARN_UNINITIALIZED_AUTOS = YES_AGGRESSIVE;
				GCC_WARN_UNUSED_FUNCTION = YES;
				GCC_WARN_UNUSED_VARIABLE = YES;
				LOCALIZATION_PREFERS_STRING_CATALOGS = YES;
				MTL_ENABLE_DEBUG_INFO = INCLUDE_SOURCE;
				MTL_FAST_MATH = YES;
				ONLY_ACTIVE_ARCH = YES;
				SWIFT_ACTIVE_COMPILATION_CONDITIONS = "DEBUG $(inherited)";
				SWIFT_OPTIMIZATION_LEVEL = "-Onone";
			};
			name = Debug;
		};
		33EC8D182DF640A9003FA6C0 /* Release */ = {
			isa = XCBuildConfiguration;
			buildSettings = {
				ALWAYS_SEARCH_USER_PATHS = NO;
				ASSETCATALOG_COMPILER_GENERATE_SWIFT_ASSET_SYMBOL_EXTENSIONS = YES;
				CLANG_ANALYZER_NONNULL = YES;
				CLANG_ANALYZER_NUMBER_OBJECT_CONVERSION = YES_AGGRESSIVE;
				CLANG_CXX_LANGUAGE_STANDARD = "gnu++20";
				CLANG_ENABLE_MODULES = YES;
				CLANG_ENABLE_OBJC_ARC = YES;
				CLANG_ENABLE_OBJC_WEAK = YES;
				CLANG_WARN_BLOCK_CAPTURE_AUTORELEASING = YES;
				CLANG_WARN_BOOL_CONVERSION = YES;
				CLANG_WARN_COMMA = YES;
				CLANG_WARN_CONSTANT_CONVERSION = YES;
				CLANG_WARN_DEPRECATED_OBJC_IMPLEMENTATIONS = YES;
				CLANG_WARN_DIRECT_OBJC_ISA_USAGE = YES_ERROR;
				CLANG_WARN_DOCUMENTATION_COMMENTS = YES;
				CLANG_WARN_EMPTY_BODY = YES;
				CLANG_WARN_ENUM_CONVERSION = YES;
				CLANG_WARN_INFINITE_RECURSION = YES;
				CLANG_WARN_INT_CONVERSION = YES;
				CLANG_WARN_NON_LITERAL_NULL_CONVERSION = YES;
				CLANG_WARN_OBJC_IMPLICIT_RETAIN_SELF = YES;
				CLANG_WARN_OBJC_LITERAL_CONVERSION = YES;
				CLANG_WARN_OBJC_ROOT_CLASS = YES_ERROR;
				CLANG_WARN_QUOTED_INCLUDE_IN_FRAMEWORK_HEADER = YES;
				CLANG_WARN_RANGE_LOOP_ANALYSIS = YES;
				CLANG_WARN_STRICT_PROTOTYPES = YES;
				CLANG_WARN_SUSPICIOUS_MOVE = YES;
				CLANG_WARN_UNGUARDED_AVAILABILITY = YES_AGGRESSIVE;
				CLANG_WARN_UNREACHABLE_CODE = YES;
				CLANG_WARN__DUPLICATE_METHOD_MATCH = YES;
				COPY_PHASE_STRIP = NO;
				DEBUG_INFORMATION_FORMAT = "dwarf-with-dsym";
				DEVELOPMENT_TEAM = LS2X7HX9FU;
				ENABLE_NS_ASSERTIONS = NO;
				ENABLE_STRICT_OBJC_MSGSEND = YES;
				ENABLE_USER_SCRIPT_SANDBOXING = YES;
				GCC_C_LANGUAGE_STANDARD = gnu17;
				GCC_NO_COMMON_BLOCKS = YES;
				GCC_WARN_64_TO_32_BIT_CONVERSION = YES;
				GCC_WARN_ABOUT_RETURN_TYPE = YES_ERROR;
				GCC_WARN_UNDECLARED_SELECTOR = YES;
				GCC_WARN_UNINITIALIZED_AUTOS = YES_AGGRESSIVE;
				GCC_WARN_UNUSED_FUNCTION = YES;
				GCC_WARN_UNUSED_VARIABLE = YES;
				LOCALIZATION_PREFERS_STRING_CATALOGS = YES;
				MTL_ENABLE_DEBUG_INFO = NO;
				MTL_FAST_MATH = YES;
				SWIFT_COMPILATION_MODE = wholemodule;
			};
			name = Release;
		};
		33EC8D1A2DF640A9003FA6C0 /* Debug */ = {
			isa = XCBuildConfiguration;
			buildSettings = {
				ASSETCATALOG_COMPILER_APPICON_NAME = AppIcon;
				ASSETCATALOG_COMPILER_GLOBAL_ACCENT_COLOR_NAME = AccentColor;
				CODE_SIGN_ENTITLEMENTS = "Learn Your Numbers!/Learn_Your_Numbers_.entitlements";
				CODE_SIGN_STYLE = Automatic;
				CURRENT_PROJECT_VERSION = 1;
				DEVELOPMENT_TEAM = LS2X7HX9FU;
				ENABLE_HARDENED_RUNTIME = YES;
				ENABLE_PREVIEWS = YES;
				GENERATE_INFOPLIST_FILE = YES;
				"INFOPLIST_KEY_UIApplicationSceneManifest_Generation[sdk=iphoneos*]" = YES;
				"INFOPLIST_KEY_UIApplicationSceneManifest_Generation[sdk=iphonesimulator*]" = YES;
				"INFOPLIST_KEY_UIApplicationSupportsIndirectInputEvents[sdk=iphoneos*]" = YES;
				"INFOPLIST_KEY_UIApplicationSupportsIndirectInputEvents[sdk=iphonesimulator*]" = YES;
				"INFOPLIST_KEY_UILaunchScreen_Generation[sdk=iphoneos*]" = YES;
				"INFOPLIST_KEY_UILaunchScreen_Generation[sdk=iphonesimulator*]" = YES;
				"INFOPLIST_KEY_UIStatusBarStyle[sdk=iphoneos*]" = UIStatusBarStyleDefault;
				"INFOPLIST_KEY_UIStatusBarStyle[sdk=iphonesimulator*]" = UIStatusBarStyleDefault;
				INFOPLIST_KEY_UISupportedInterfaceOrientations_iPad = "UIInterfaceOrientationPortrait UIInterfaceOrientationPortraitUpsideDown UIInterfaceOrientationLandscapeLeft UIInterfaceOrientationLandscapeRight";
				INFOPLIST_KEY_UISupportedInterfaceOrientations_iPhone = "UIInterfaceOrientationPortrait UIInterfaceOrientationLandscapeLeft UIInterfaceOrientationLandscapeRight";
				IPHONEOS_DEPLOYMENT_TARGET = 18.5;
				LD_RUNPATH_SEARCH_PATHS = "@executable_path/Frameworks";
				"LD_RUNPATH_SEARCH_PATHS[sdk=macosx*]" = "@executable_path/../Frameworks";
				MACOSX_DEPLOYMENT_TARGET = 15.5;
				MARKETING_VERSION = 1.0;
				PRODUCT_BUNDLE_IDENTIFIER = "Numbers-.Learn-Your-Numbers-";
				PRODUCT_NAME = "$(TARGET_NAME)";
				REGISTER_APP_GROUPS = YES;
				SDKROOT = auto;
				SUPPORTED_PLATFORMS = "iphoneos iphonesimulator macosx xros xrsimulator";
				SWIFT_EMIT_LOC_STRINGS = YES;
				SWIFT_VERSION = 5.0;
				TARGETED_DEVICE_FAMILY = "1,2,7";
				XROS_DEPLOYMENT_TARGET = 2.5;
			};
			name = Debug;
		};
		33EC8D1B2DF640A9003FA6C0 /* Release */ = {
			isa = XCBuildConfiguration;
			buildSettings = {
				ASSETCATALOG_COMPILER_APPICON_NAME = AppIcon;
				ASSETCATALOG_COMPILER_GLOBAL_ACCENT_COLOR_NAME = AccentColor;
				CODE_SIGN_ENTITLEMENTS = "Learn Your Numbers!/Learn_Your_Numbers_.entitlements";
				CODE_SIGN_STYLE = Automatic;
				CURRENT_PROJECT_VERSION = 1;
				DEVELOPMENT_TEAM = LS2X7HX9FU;
				ENABLE_HARDENED_RUNTIME = YES;
				ENABLE_PREVIEWS = YES;
				GENERATE_INFOPLIST_FILE = YES;
				"INFOPLIST_KEY_UIApplicationSceneManifest_Generation[sdk=iphoneos*]" = YES;
				"INFOPLIST_KEY_UIApplicationSceneManifest_Generation[sdk=iphonesimulator*]" = YES;
				"INFOPLIST_KEY_UIApplicationSupportsIndirectInputEvents[sdk=iphoneos*]" = YES;
				"INFOPLIST_KEY_UIApplicationSupportsIndirectInputEvents[sdk=iphonesimulator*]" = YES;
				"INFOPLIST_KEY_UILaunchScreen_Generation[sdk=iphoneos*]" = YES;
				"INFOPLIST_KEY_UILaunchScreen_Generation[sdk=iphonesimulator*]" = YES;
				"INFOPLIST_KEY_UIStatusBarStyle[sdk=iphoneos*]" = UIStatusBarStyleDefault;
				"INFOPLIST_KEY_UIStatusBarStyle[sdk=iphonesimulator*]" = UIStatusBarStyleDefault;
				INFOPLIST_KEY_UISupportedInterfaceOrientations_iPad = "UIInterfaceOrientationPortrait UIInterfaceOrientationPortraitUpsideDown UIInterfaceOrientationLandscapeLeft UIInterfaceOrientationLandscapeRight";
				INFOPLIST_KEY_UISupportedInterfaceOrientations_iPhone = "UIInterfaceOrientationPortrait UIInterfaceOrientationLandscapeLeft UIInterfaceOrientationLandscapeRight";
				IPHONEOS_DEPLOYMENT_TARGET = 18.5;
				LD_RUNPATH_SEARCH_PATHS = "@executable_path/Frameworks";
				"LD_RUNPATH_SEARCH_PATHS[sdk=macosx*]" = "@executable_path/../Frameworks";
				MACOSX_DEPLOYMENT_TARGET = 15.5;
				MARKETING_VERSION = 1.0;
				PRODUCT_BUNDLE_IDENTIFIER = "Numbers-.Learn-Your-Numbers-";
				PRODUCT_NAME = "$(TARGET_NAME)";
				REGISTER_APP_GROUPS = YES;
				SDKROOT = auto;
				SUPPORTED_PLATFORMS = "iphoneos iphonesimulator macosx xros xrsimulator";
				SWIFT_EMIT_LOC_STRINGS = YES;
				SWIFT_VERSION = 5.0;
				TARGETED_DEVICE_FAMILY = "1,2,7";
				XROS_DEPLOYMENT_TARGET = 2.5;
			};
			name = Release;
		};
		33EC8D1D2DF640A9003FA6C0 /* Debug */ = {
			isa = XCBuildConfiguration;
			buildSettings = {
				BUNDLE_LOADER = "$(TEST_HOST)";
				CODE_SIGN_STYLE = Automatic;
				CURRENT_PROJECT_VERSION = 1;
				DEVELOPMENT_TEAM = LS2X7HX9FU;
				GENERATE_INFOPLIST_FILE = YES;
				IPHONEOS_DEPLOYMENT_TARGET = 18.5;
				MACOSX_DEPLOYMENT_TARGET = 15.5;
				MARKETING_VERSION = 1.0;
				PRODUCT_BUNDLE_IDENTIFIER = "Numbers-.Learn-Your-Numbers-Tests";
				PRODUCT_NAME = "$(TARGET_NAME)";
				SDKROOT = auto;
				SUPPORTED_PLATFORMS = "iphoneos iphonesimulator macosx xros xrsimulator";
				SWIFT_EMIT_LOC_STRINGS = NO;
				SWIFT_VERSION = 5.0;
				TARGETED_DEVICE_FAMILY = "1,2,7";
				TEST_HOST = "$(BUILT_PRODUCTS_DIR)/Learn Your Numbers!.app/$(BUNDLE_EXECUTABLE_FOLDER_PATH)/Learn Your Numbers!";
				XROS_DEPLOYMENT_TARGET = 2.5;
			};
			name = Debug;
		};
		33EC8D1E2DF640A9003FA6C0 /* Release */ = {
			isa = XCBuildConfiguration;
			buildSettings = {
				BUNDLE_LOADER = "$(TEST_HOST)";
				CODE_SIGN_STYLE = Automatic;
				CURRENT_PROJECT_VERSION = 1;
				DEVELOPMENT_TEAM = LS2X7HX9FU;
				GENERATE_INFOPLIST_FILE = YES;
				IPHONEOS_DEPLOYMENT_TARGET = 18.5;
				MACOSX_DEPLOYMENT_TARGET = 15.5;
				MARKETING_VERSION = 1.0;
				PRODUCT_BUNDLE_IDENTIFIER = "Numbers-.Learn-Your-Numbers-Tests";
				PRODUCT_NAME = "$(TARGET_NAME)";
				SDKROOT = auto;
				SUPPORTED_PLATFORMS = "iphoneos iphonesimulator macosx xros xrsimulator";
				SWIFT_EMIT_LOC_STRINGS = NO;
				SWIFT_VERSION = 5.0;
				TARGETED_DEVICE_FAMILY = "1,2,7";
				TEST_HOST = "$(BUILT_PRODUCTS_DIR)/Learn Your Numbers!.app/$(BUNDLE_EXECUTABLE_FOLDER_PATH)/Learn Your Numbers!";
				XROS_DEPLOYMENT_TARGET = 2.5;
			};
			name = Release;
		};
		33EC8D202DF640A9003FA6C0 /* Debug */ = {
			isa = XCBuildConfiguration;
			buildSettings = {
				CODE_SIGN_STYLE = Automatic;
				CURRENT_PROJECT_VERSION = 1;
				DEVELOPMENT_TEAM = LS2X7HX9FU;
				GENERATE_INFOPLIST_FILE = YES;
				IPHONEOS_DEPLOYMENT_TARGET = 18.5;
				MACOSX_DEPLOYMENT_TARGET = 15.5;
				MARKETING_VERSION = 1.0;
				PRODUCT_BUNDLE_IDENTIFIER = "Numbers-.Learn-Your-Numbers-UITests";
				PRODUCT_NAME = "$(TARGET_NAME)";
				SDKROOT = auto;
				SUPPORTED_PLATFORMS = "iphoneos iphonesimulator macosx xros xrsimulator";
				SWIFT_EMIT_LOC_STRINGS = NO;
				SWIFT_VERSION = 5.0;
				TARGETED_DEVICE_FAMILY = "1,2,7";
				TEST_TARGET_NAME = "Learn Your Numbers!";
				XROS_DEPLOYMENT_TARGET = 2.5;
			};
			name = Debug;
		};
		33EC8D212DF640A9003FA6C0 /* Release */ = {
			isa = XCBuildConfiguration;
			buildSettings = {
				CODE_SIGN_STYLE = Automatic;
				CURRENT_PROJECT_VERSION = 1;
				DEVELOPMENT_TEAM = LS2X7HX9FU;
				GENERATE_INFOPLIST_FILE = YES;
				IPHONEOS_DEPLOYMENT_TARGET = 18.5;
				MACOSX_DEPLOYMENT_TARGET = 15.5;
				MARKETING_VERSION = 1.0;
				PRODUCT_BUNDLE_IDENTIFIER = "Numbers-.Learn-Your-Numbers-UITests";
				PRODUCT_NAME = "$(TARGET_NAME)";
				SDKROOT = auto;
				SUPPORTED_PLATFORMS = "iphoneos iphonesimulator macosx xros xrsimulator";
				SWIFT_EMIT_LOC_STRINGS = NO;
				SWIFT_VERSION = 5.0;
				TARGETED_DEVICE_FAMILY = "1,2,7";
				TEST_TARGET_NAME = "Learn Your Numbers!";
				XROS_DEPLOYMENT_TARGET = 2.5;
			};
			name = Release;
		};
/* End XCBuildConfiguration section */

/* Begin XCConfigurationList section */
		33EC8CF22DF640A7003FA6C0 /* Build configuration list for PBXProject "Learn Your Numbers!" */ = {
			isa = XCConfigurationList;
			buildConfigurations = (
				33EC8D172DF640A9003FA6C0 /* Debug */,
				33EC8D182DF640A9003FA6C0 /* Release */,
			);
			defaultConfigurationIsVisible = 0;
			defaultConfigurationName = Release;
		};
		33EC8D192DF640A9003FA6C0 /* Build configuration list for PBXNativeTarget "Learn Your Numbers!" */ = {
			isa = XCConfigurationList;
			buildConfigurations = (
				33EC8D1A2DF640A9003FA6C0 /* Debug */,
				33EC8D1B2DF640A9003FA6C0 /* Release */,
			);
			defaultConfigurationIsVisible = 0;
			defaultConfigurationName = Release;
		};
		33EC8D1C2DF640A9003FA6C0 /* Build configuration list for PBXNativeTarget "Learn Your Numbers!Tests" */ = {
			isa = XCConfigurationList;
			buildConfigurations = (
				33EC8D1D2DF640A9003FA6C0 /* Debug */,
				33EC8D1E2DF640A9003FA6C0 /* Release */,
			);
			defaultConfigurationIsVisible = 0;
			defaultConfigurationName = Release;
		};
		33EC8D1F2DF640A9003FA6C0 /* Build configuration list for PBXNativeTarget "Learn Your Numbers!UITests" */ = {
			isa = XCConfigurationList;
			buildConfigurations = (
				33EC8D202DF640A9003FA6C0 /* Debug */,
				33EC8D212DF640A9003FA6C0 /* Release */,
			);
			defaultConfigurationIsVisible = 0;
			defaultConfigurationName = Release;
		};
/* End XCConfigurationList section */
	};
	rootObject = 33EC8CEF2DF640A7003FA6C0 /* Project object */;
}
